
Microsoft Visual Studio Solution File, Format Version 12.00
# Visual Studio Version 16
VisualStudioVersion = 16.0.30413.136
MinimumVisualStudioVersion = 10.0.40219.1
Project("{8BC9CEB8-8B4A-11D0-8D11-00A0C91BC942}") = "Hello", "Hello.vcxproj", "{17A98139-779B-42FA-995B-F798EC48B6C4}"
EndProject
Global
	GlobalSection(SolutionConfigurationPlatforms) = preSolution
		Debug|x64 = Debug|x64
		Debug|x86 = Debug|x86
		Release|x64 = Release|x64
		Release|x86 = Release|x86
	EndGlobalSection
	GlobalSection(ProjectConfigurationPlatforms) = postSolution
		{17A98139-779B-42FA-995B-F798EC48B6C4}.Debug|x64.ActiveCfg = Debug|x64
		{17A98139-779B-42FA-995B-F798EC48B6C4}.Debug|x64.Build.0 = Debug|x64
		{17A98139-779B-42FA-995B-F798EC48B6C4}.Debug|x86.ActiveCfg = Debug|Win32
		{17A98139-779B-42FA-995B-F798EC48B6C4}.Debug|x86.Build.0 = Debug|Win32
		{17A98139-779B-42FA-995B-F798EC48B6C4}.Release|x64.ActiveCfg = Release|x64
		{17A98139-779B-42FA-995B-F798EC48B6C4}.Release|x64.Build.0 = Release|x64
		{17A98139-779B-42FA-995B-F798EC48B6C4}.Release|x86.ActiveCfg = Release|Win32
		{17A98139-779B-42FA-995B-F798EC48B6C4}.Release|x86.Build.0 = Release|Win32
	EndGlobalSection
	GlobalSection(SolutionProperties) = preSolution
		HideSolutionNode = FALSE
	EndGlobalSection
	GlobalSection(ExtensibilityGlobals) = postSolution
		SolutionGuid = {82520CD8-C7A3-42B6-BEB8-69C0DCA1DED6}
	EndGlobalSection
EndGlobal
